// !$*UTF8*$!
{
	archiveVersion = 1;
	classes = {
	};
	objectVersion = 50;
	objects = {

/* Begin PBXBuildFile section */
		2954238BC9C639FAC5E22354 /* libPods-MyInsight_BlogTests.a in Frameworks */ = {isa = PBXBuildFile; fileRef = 92174ACA54A94C4C928959A8 /* libPods-MyInsight_BlogTests.a */; };
		653D6981866E543698C29D8E /* libPods-MyInsight_Blog.a in Frameworks */ = {isa = PBXBuildFile; fileRef = 2AC3BBEF1039F9753738B8C9 /* libPods-MyInsight_Blog.a */; };
		DA161D53383A754084952C49 /* libPods-MyInsight_BlogUITests.a in Frameworks */ = {isa = PBXBuildFile; fileRef = C11CAE0DEF3CF2AEAABF7410 /* libPods-MyInsight_BlogUITests.a */; };
		E227E7582193C44900989DF8 /* AppDelegate.m in Sources */ = {isa = PBXBuildFile; fileRef = E227E7572193C44900989DF8 /* AppDelegate.m */; };
		E227E75B2193C44900989DF8 /* ViewController.m in Sources */ = {isa = PBXBuildFile; fileRef = E227E75A2193C44900989DF8 /* ViewController.m */; };
		E227E75E2193C44900989DF8 /* Main.storyboard in Resources */ = {isa = PBXBuildFile; fileRef = E227E75C2193C44900989DF8 /* Main.storyboard */; };
		E227E7602193C44A00989DF8 /* Assets.xcassets in Resources */ = {isa = PBXBuildFile; fileRef = E227E75F2193C44A00989DF8 /* Assets.xcassets */; };
		E227E7632193C44A00989DF8 /* LaunchScreen.storyboard in Resources */ = {isa = PBXBuildFile; fileRef = E227E7612193C44A00989DF8 /* LaunchScreen.storyboard */; };
		E227E7662193C44A00989DF8 /* main.m in Sources */ = {isa = PBXBuildFile; fileRef = E227E7652193C44A00989DF8 /* main.m */; };
		E227E7702193C44A00989DF8 /* MyInsight_BlogTests.m in Sources */ = {isa = PBXBuildFile; fileRef = E227E76F2193C44A00989DF8 /* MyInsight_BlogTests.m */; };
		E227E77B2193C44A00989DF8 /* MyInsight_BlogUITests.m in Sources */ = {isa = PBXBuildFile; fileRef = E227E77A2193C44A00989DF8 /* MyInsight_BlogUITests.m */; };
/* End PBXBuildFile section */

/* Begin PBXContainerItemProxy section */
		E227E76C2193C44A00989DF8 /* PBXContainerItemProxy */ = {
			isa = PBXContainerItemProxy;
			containerPortal = E227E74B2193C44900989DF8 /* Project object */;
			proxyType = 1;
			remoteGlobalIDString = E227E7522193C44900989DF8;
			remoteInfo = MyInsight_Blog;
		};
		E227E7772193C44A00989DF8 /* PBXContainerItemProxy */ = {
			isa = PBXContainerItemProxy;
			containerPortal = E227E74B2193C44900989DF8 /* Project object */;
			proxyType = 1;
			remoteGlobalIDString = E227E7522193C44900989DF8;
			remoteInfo = MyInsight_Blog;
		};
/* End PBXContainerItemProxy section */

/* Begin PBXFileReference section */
		0F5505B657720FDABFBBB193 /* Pods-MyInsight_Blog.release.xcconfig */ = {isa = PBXFileReference; includeInIndex = 1; lastKnownFileType = text.xcconfig; name = "Pods-MyInsight_Blog.release.xcconfig"; path = "Pods/Target Support Files/Pods-MyInsight_Blog/Pods-MyInsight_Blog.release.xcconfig"; sourceTree = "<group>"; };
		2A32375CFC479213D5BD7352 /* Pods-MyInsight_BlogUITests.release.xcconfig */ = {isa = PBXFileReference; includeInIndex = 1; lastKnownFileType = text.xcconfig; name = "Pods-MyInsight_BlogUITests.release.xcconfig"; path = "Pods/Target Support Files/Pods-MyInsight_BlogUITests/Pods-MyInsight_BlogUITests.release.xcconfig"; sourceTree = "<group>"; };
		2AC3BBEF1039F9753738B8C9 /* libPods-MyInsight_Blog.a */ = {isa = PBXFileReference; explicitFileType = archive.ar; includeInIndex = 0; path = "libPods-MyInsight_Blog.a"; sourceTree = BUILT_PRODUCTS_DIR; };
		2C9BC150B8C5AAE134BB1AF6 /* Pods-MyInsight_BlogTests.release.xcconfig */ = {isa = PBXFileReference; includeInIndex = 1; lastKnownFileType = text.xcconfig; name = "Pods-MyInsight_BlogTests.release.xcconfig"; path = "Pods/Target Support Files/Pods-MyInsight_BlogTests/Pods-MyInsight_BlogTests.release.xcconfig"; sourceTree = "<group>"; };
		39EEE5F37C3B45B841AB2C56 /* Pods-MyInsight_Blog.debug.xcconfig */ = {isa = PBXFileReference; includeInIndex = 1; lastKnownFileType = text.xcconfig; name = "Pods-MyInsight_Blog.debug.xcconfig"; path = "Pods/Target Support Files/Pods-MyInsight_Blog/Pods-MyInsight_Blog.debug.xcconfig"; sourceTree = "<group>"; };
		92174ACA54A94C4C928959A8 /* libPods-MyInsight_BlogTests.a */ = {isa = PBXFileReference; explicitFileType = archive.ar; includeInIndex = 0; path = "libPods-MyInsight_BlogTests.a"; sourceTree = BUILT_PRODUCTS_DIR; };
		A55775551D0400D819C96D28 /* Pods-MyInsight_BlogUITests.debug.xcconfig */ = {isa = PBXFileReference; includeInIndex = 1; lastKnownFileType = text.xcconfig; name = "Pods-MyInsight_BlogUITests.debug.xcconfig"; path = "Pods/Target Support Files/Pods-MyInsight_BlogUITests/Pods-MyInsight_BlogUITests.debug.xcconfig"; sourceTree = "<group>"; };
		AAF58D9284E096246C06E8AC /* Pods-MyInsight_BlogTests.debug.xcconfig */ = {isa = PBXFileReference; includeInIndex = 1; lastKnownFileType = text.xcconfig; name = "Pods-MyInsight_BlogTests.debug.xcconfig"; path = "Pods/Target Support Files/Pods-MyInsight_BlogTests/Pods-MyInsight_BlogTests.debug.xcconfig"; sourceTree = "<group>"; };
		C11CAE0DEF3CF2AEAABF7410 /* libPods-MyInsight_BlogUITests.a */ = {isa = PBXFileReference; explicitFileType = archive.ar; includeInIndex = 0; path = "libPods-MyInsight_BlogUITests.a"; sourceTree = BUILT_PRODUCTS_DIR; };
		E227E7532193C44900989DF8 /* MyInsight_Blog.app */ = {isa = PBXFileReference; explicitFileType = wrapper.application; includeInIndex = 0; path = MyInsight_Blog.app; sourceTree = BUILT_PRODUCTS_DIR; };
		E227E7562193C44900989DF8 /* AppDelegate.h */ = {isa = PBXFileReference; lastKnownFileType = sourcecode.c.h; path = AppDelegate.h; sourceTree = "<group>"; };
		E227E7572193C44900989DF8 /* AppDelegate.m */ = {isa = PBXFileReference; lastKnownFileType = sourcecode.c.objc; path = AppDelegate.m; sourceTree = "<group>"; };
		E227E7592193C44900989DF8 /* ViewController.h */ = {isa = PBXFileReference; lastKnownFileType = sourcecode.c.h; path = ViewController.h; sourceTree = "<group>"; };
		E227E75A2193C44900989DF8 /* ViewController.m */ = {isa = PBXFileReference; lastKnownFileType = sourcecode.c.objc; path = ViewController.m; sourceTree = "<group>"; };
		E227E75D2193C44900989DF8 /* Base */ = {isa = PBXFileReference; lastKnownFileType = file.storyboard; name = Base; path = Base.lproj/Main.storyboard; sourceTree = "<group>"; };
		E227E75F2193C44A00989DF8 /* Assets.xcassets */ = {isa = PBXFileReference; lastKnownFileType = folder.assetcatalog; path = Assets.xcassets; sourceTree = "<group>"; };
		E227E7622193C44A00989DF8 /* Base */ = {isa = PBXFileReference; lastKnownFileType = file.storyboard; name = Base; path = Base.lproj/LaunchScreen.storyboard; sourceTree = "<group>"; };
		E227E7642193C44A00989DF8 /* Info.plist */ = {isa = PBXFileReference; lastKnownFileType = text.plist.xml; path = Info.plist; sourceTree = "<group>"; };
		E227E7652193C44A00989DF8 /* main.m */ = {isa = PBXFileReference; lastKnownFileType = sourcecode.c.objc; path = main.m; sourceTree = "<group>"; };
		E227E76B2193C44A00989DF8 /* MyInsight_BlogTests.xctest */ = {isa = PBXFileReference; explicitFileType = wrapper.cfbundle; includeInIndex = 0; path = MyInsight_BlogTests.xctest; sourceTree = BUILT_PRODUCTS_DIR; };
		E227E76F2193C44A00989DF8 /* MyInsight_BlogTests.m */ = {isa = PBXFileReference; lastKnownFileType = sourcecode.c.objc; path = MyInsight_BlogTests.m; sourceTree = "<group>"; };
		E227E7712193C44A00989DF8 /* Info.plist */ = {isa = PBXFileReference; lastKnownFileType = text.plist.xml; path = Info.plist; sourceTree = "<group>"; };
		E227E7762193C44A00989DF8 /* MyInsight_BlogUITests.xctest */ = {isa = PBXFileReference; explicitFileType = wrapper.cfbundle; includeInIndex = 0; path = MyInsight_BlogUITests.xctest; sourceTree = BUILT_PRODUCTS_DIR; };
		E227E77A2193C44A00989DF8 /* MyInsight_BlogUITests.m */ = {isa = PBXFileReference; lastKnownFileType = sourcecode.c.objc; path = MyInsight_BlogUITests.m; sourceTree = "<group>"; };
		E227E77C2193C44A00989DF8 /* Info.plist */ = {isa = PBXFileReference; lastKnownFileType = text.plist.xml; path = Info.plist; sourceTree = "<group>"; };
/* End PBXFileReference section */

/* Begin PBXFrameworksBuildPhase section */
		E227E7502193C44900989DF8 /* Frameworks */ = {
			isa = PBXFrameworksBuildPhase;
			buildActionMask = 2147483647;
			files = (
				653D6981866E543698C29D8E /* libPods-MyInsight_Blog.a in Frameworks */,
			);
			runOnlyForDeploymentPostprocessing = 0;
		};
		E227E7682193C44A00989DF8 /* Frameworks */ = {
			isa = PBXFrameworksBuildPhase;
			buildActionMask = 2147483647;
			files = (
				2954238BC9C639FAC5E22354 /* libPods-MyInsight_BlogTests.a in Frameworks */,
			);
			runOnlyForDeploymentPostprocessing = 0;
		};
		E227E7732193C44A00989DF8 /* Frameworks */ = {
			isa = PBXFrameworksBuildPhase;
			buildActionMask = 2147483647;
			files = (
				DA161D53383A754084952C49 /* libPods-MyInsight_BlogUITests.a in Frameworks */,
			);
			runOnlyForDeploymentPostprocessing = 0;
		};
/* End PBXFrameworksBuildPhase section */

/* Begin PBXGroup section */
		4324294C3D7C5A5E274267A0 /* Frameworks */ = {
			isa = PBXGroup;
			children = (
				2AC3BBEF1039F9753738B8C9 /* libPods-MyInsight_Blog.a */,
				92174ACA54A94C4C928959A8 /* libPods-MyInsight_BlogTests.a */,
				C11CAE0DEF3CF2AEAABF7410 /* libPods-MyInsight_BlogUITests.a */,
			);
			name = Frameworks;
			sourceTree = "<group>";
		};
		7BFF27C87EAD1504843F43AD /* Pods */ = {
			isa = PBXGroup;
			children = (
				39EEE5F37C3B45B841AB2C56 /* Pods-MyInsight_Blog.debug.xcconfig */,
				0F5505B657720FDABFBBB193 /* Pods-MyInsight_Blog.release.xcconfig */,
				AAF58D9284E096246C06E8AC /* Pods-MyInsight_BlogTests.debug.xcconfig */,
				2C9BC150B8C5AAE134BB1AF6 /* Pods-MyInsight_BlogTests.release.xcconfig */,
				A55775551D0400D819C96D28 /* Pods-MyInsight_BlogUITests.debug.xcconfig */,
				2A32375CFC479213D5BD7352 /* Pods-MyInsight_BlogUITests.release.xcconfig */,
			);
			name = Pods;
			sourceTree = "<group>";
		};
		E227E74A2193C44900989DF8 = {
			isa = PBXGroup;
			children = (
				E227E7552193C44900989DF8 /* MyInsight_Blog */,
				E227E76E2193C44A00989DF8 /* MyInsight_BlogTests */,
				E227E7792193C44A00989DF8 /* MyInsight_BlogUITests */,
				E227E7542193C44900989DF8 /* Products */,
				7BFF27C87EAD1504843F43AD /* Pods */,
				4324294C3D7C5A5E274267A0 /* Frameworks */,
			);
			sourceTree = "<group>";
		};
		E227E7542193C44900989DF8 /* Products */ = {
			isa = PBXGroup;
			children = (
				E227E7532193C44900989DF8 /* MyInsight_Blog.app */,
				E227E76B2193C44A00989DF8 /* MyInsight_BlogTests.xctest */,
				E227E7762193C44A00989DF8 /* MyInsight_BlogUITests.xctest */,
			);
			name = Products;
			sourceTree = "<group>";
		};
		E227E7552193C44900989DF8 /* MyInsight_Blog */ = {
			isa = PBXGroup;
			children = (
				E227E7562193C44900989DF8 /* AppDelegate.h */,
				E227E7572193C44900989DF8 /* AppDelegate.m */,
				E227E7592193C44900989DF8 /* ViewController.h */,
				E227E75A2193C44900989DF8 /* ViewController.m */,
				E227E75C2193C44900989DF8 /* Main.storyboard */,
				E227E75F2193C44A00989DF8 /* Assets.xcassets */,
				E227E7612193C44A00989DF8 /* LaunchScreen.storyboard */,
				E227E7642193C44A00989DF8 /* Info.plist */,
				E227E7652193C44A00989DF8 /* main.m */,
			);
			path = MyInsight_Blog;
			sourceTree = "<group>";
		};
		E227E76E2193C44A00989DF8 /* MyInsight_BlogTests */ = {
			isa = PBXGroup;
			children = (
				E227E76F2193C44A00989DF8 /* MyInsight_BlogTests.m */,
				E227E7712193C44A00989DF8 /* Info.plist */,
			);
			path = MyInsight_BlogTests;
			sourceTree = "<group>";
		};
		E227E7792193C44A00989DF8 /* MyInsight_BlogUITests */ = {
			isa = PBXGroup;
			children = (
				E227E77A2193C44A00989DF8 /* MyInsight_BlogUITests.m */,
				E227E77C2193C44A00989DF8 /* Info.plist */,
			);
			path = MyInsight_BlogUITests;
			sourceTree = "<group>";
		};
/* End PBXGroup section */

/* Begin PBXNativeTarget section */
		E227E7522193C44900989DF8 /* MyInsight_Blog */ = {
			isa = PBXNativeTarget;
			buildConfigurationList = E227E77F2193C44B00989DF8 /* Build configuration list for PBXNativeTarget "MyInsight_Blog" */;
			buildPhases = (
				9BE9BE371BE05E48E6ABF2D7 /* [CP] Check Pods Manifest.lock */,
				E227E74F2193C44900989DF8 /* Sources */,
				E227E7502193C44900989DF8 /* Frameworks */,
				E227E7512193C44900989DF8 /* Resources */,
			);
			buildRules = (
			);
			dependencies = (
			);
			name = MyInsight_Blog;
			productName = MyInsight_Blog;
			productReference = E227E7532193C44900989DF8 /* MyInsight_Blog.app */;
			productType = "com.apple.product-type.application";
		};
		E227E76A2193C44A00989DF8 /* MyInsight_BlogTests */ = {
			isa = PBXNativeTarget;
			buildConfigurationList = E227E7822193C44B00989DF8 /* Build configuration list for PBXNativeTarget "MyInsight_BlogTests" */;
			buildPhases = (
				D628AB6E77F5F9AF9B7EE14B /* [CP] Check Pods Manifest.lock */,
				E227E7672193C44A00989DF8 /* Sources */,
				E227E7682193C44A00989DF8 /* Frameworks */,
				E227E7692193C44A00989DF8 /* Resources */,
			);
			buildRules = (
			);
			dependencies = (
				E227E76D2193C44A00989DF8 /* PBXTargetDependency */,
			);
			name = MyInsight_BlogTests;
			productName = MyInsight_BlogTests;
			productReference = E227E76B2193C44A00989DF8 /* MyInsight_BlogTests.xctest */;
			productType = "com.apple.product-type.bundle.unit-test";
		};
		E227E7752193C44A00989DF8 /* MyInsight_BlogUITests */ = {
			isa = PBXNativeTarget;
			buildConfigurationList = E227E7852193C44B00989DF8 /* Build configuration list for PBXNativeTarget "MyInsight_BlogUITests" */;
			buildPhases = (
				40BF55993D05CD083652D908 /* [CP] Check Pods Manifest.lock */,
				E227E7722193C44A00989DF8 /* Sources */,
				E227E7732193C44A00989DF8 /* Frameworks */,
				E227E7742193C44A00989DF8 /* Resources */,
			);
			buildRules = (
			);
			dependencies = (
				E227E7782193C44A00989DF8 /* PBXTargetDependency */,
			);
			name = MyInsight_BlogUITests;
			productName = MyInsight_BlogUITests;
			productReference = E227E7762193C44A00989DF8 /* MyInsight_BlogUITests.xctest */;
			productType = "com.apple.product-type.bundle.ui-testing";
		};
/* End PBXNativeTarget section */

/* Begin PBXProject section */
		E227E74B2193C44900989DF8 /* Project object */ = {
			isa = PBXProject;
			attributes = {
				LastUpgradeCheck = 1010;
				ORGANIZATIONNAME = gemvary;
				TargetAttributes = {
					E227E7522193C44900989DF8 = {
						CreatedOnToolsVersion = 10.1;
					};
					E227E76A2193C44A00989DF8 = {
						CreatedOnToolsVersion = 10.1;
						TestTargetID = E227E7522193C44900989DF8;
					};
					E227E7752193C44A00989DF8 = {
						CreatedOnToolsVersion = 10.1;
						TestTargetID = E227E7522193C44900989DF8;
					};
				};
			};
			buildConfigurationList = E227E74E2193C44900989DF8 /* Build configuration list for PBXProject "MyInsight_Blog" */;
			compatibilityVersion = "Xcode 9.3";
			developmentRegion = en;
			hasScannedForEncodings = 0;
			knownRegions = (
				en,
				Base,
			);
			mainGroup = E227E74A2193C44900989DF8;
			productRefGroup = E227E7542193C44900989DF8 /* Products */;
			projectDirPath = "";
			projectRoot = "";
			targets = (
				E227E7522193C44900989DF8 /* MyInsight_Blog */,
				E227E76A2193C44A00989DF8 /* MyInsight_BlogTests */,
				E227E7752193C44A00989DF8 /* MyInsight_BlogUITests */,
			);
		};
/* End PBXProject section */

/* Begin PBXResourcesBuildPhase section */
		E227E7512193C44900989DF8 /* Resources */ = {
			isa = PBXResourcesBuildPhase;
			buildActionMask = 2147483647;
			files = (
				E227E7632193C44A00989DF8 /* LaunchScreen.storyboard in Resources */,
				E227E7602193C44A00989DF8 /* Assets.xcassets in Resources */,
				E227E75E2193C44900989DF8 /* Main.storyboard in Resources */,
			);
			runOnlyForDeploymentPostprocessing = 0;
		};
		E227E7692193C44A00989DF8 /* Resources */ = {
			isa = PBXResourcesBuildPhase;
			buildActionMask = 2147483647;
			files = (
			);
			runOnlyForDeploymentPostprocessing = 0;
		};
		E227E7742193C44A00989DF8 /* Resources */ = {
			isa = PBXResourcesBuildPhase;
			buildActionMask = 2147483647;
			files = (
			);
			runOnlyForDeploymentPostprocessing = 0;
		};
/* End PBXResourcesBuildPhase section */

/* Begin PBXShellScriptBuildPhase section */
		40BF55993D05CD083652D908 /* [CP] Check Pods Manifest.lock */ = {
			isa = PBXShellScriptBuildPhase;
			buildActionMask = 2147483647;
			files = (
			);
			inputPaths = (
				"${PODS_PODFILE_DIR_PATH}/Podfile.lock",
				"${PODS_ROOT}/Manifest.lock",
			);
			name = "[CP] Check Pods Manifest.lock";
			outputPaths = (
				"$(DERIVED_FILE_DIR)/Pods-MyInsight_BlogUITests-checkManifestLockResult.txt",
			);
			runOnlyForDeploymentPostprocessing = 0;
			shellPath = /bin/sh;
			shellScript = "diff \"${PODS_PODFILE_DIR_PATH}/Podfile.lock\" \"${PODS_ROOT}/Manifest.lock\" > /dev/null\nif [ $? != 0 ] ; then\n    # print error to STDERR\n    echo \"error: The sandbox is not in sync with the Podfile.lock. Run 'pod install' or update your CocoaPods installation.\" >&2\n    exit 1\nfi\n# This output is used by Xcode 'outputs' to avoid re-running this script phase.\necho \"SUCCESS\" > \"${SCRIPT_OUTPUT_FILE_0}\"\n";
			showEnvVarsInLog = 0;
		};
		9BE9BE371BE05E48E6ABF2D7 /* [CP] Check Pods Manifest.lock */ = {
			isa = PBXShellScriptBuildPhase;
			buildActionMask = 2147483647;
			files = (
			);
			inputPaths = (
				"${PODS_PODFILE_DIR_PATH}/Podfile.lock",
				"${PODS_ROOT}/Manifest.lock",
			);
			name = "[CP] Check Pods Manifest.lock";
			outputPaths = (
				"$(DERIVED_FILE_DIR)/Pods-MyInsight_Blog-checkManifestLockResult.txt",
			);
			runOnlyForDeploymentPostprocessing = 0;
			shellPath = /bin/sh;
			shellScript = "diff \"${PODS_PODFILE_DIR_PATH}/Podfile.lock\" \"${PODS_ROOT}/Manifest.lock\" > /dev/null\nif [ $? != 0 ] ; then\n    # print error to STDERR\n    echo \"error: The sandbox is not in sync with the Podfile.lock. Run 'pod install' or update your CocoaPods installation.\" >&2\n    exit 1\nfi\n# This output is used by Xcode 'outputs' to avoid re-running this script phase.\necho \"SUCCESS\" > \"${SCRIPT_OUTPUT_FILE_0}\"\n";
			showEnvVarsInLog = 0;
		};
		D628AB6E77F5F9AF9B7EE14B /* [CP] Check Pods Manifest.lock */ = {
			isa = PBXShellScriptBuildPhase;
			buildActionMask = 2147483647;
			files = (
			);
			inputPaths = (
				"${PODS_PODFILE_DIR_PATH}/Podfile.lock",
				"${PODS_ROOT}/Manifest.lock",
			);
			name = "[CP] Check Pods Manifest.lock";
			outputPaths = (
				"$(DERIVED_FILE_DIR)/Pods-MyInsight_BlogTests-checkManifestLockResult.txt",
			);
			runOnlyForDeploymentPostprocessing = 0;
			shellPath = /bin/sh;
			shellScript = "diff \"${PODS_PODFILE_DIR_PATH}/Podfile.lock\" \"${PODS_ROOT}/Manifest.lock\" > /dev/null\nif [ $? != 0 ] ; then\n    # print error to STDERR\n    echo \"error: The sandbox is not in sync with the Podfile.lock. Run 'pod install' or update your CocoaPods installation.\" >&2\n    exit 1\nfi\n# This output is used by Xcode 'outputs' to avoid re-running this script phase.\necho \"SUCCESS\" > \"${SCRIPT_OUTPUT_FILE_0}\"\n";
			showEnvVarsInLog = 0;
		};
/* End PBXShellScriptBuildPhase section */

/* Begin PBXSourcesBuildPhase section */
		E227E74F2193C44900989DF8 /* Sources */ = {
			isa = PBXSourcesBuildPhase;
			buildActionMask = 2147483647;
			files = (
				E227E75B2193C44900989DF8 /* ViewController.m in Sources */,
				E227E7662193C44A00989DF8 /* main.m in Sources */,
				E227E7582193C44900989DF8 /* AppDelegate.m in Sources */,
			);
			runOnlyForDeploymentPostprocessing = 0;
		};
		E227E7672193C44A00989DF8 /* Sources */ = {
			isa = PBXSourcesBuildPhase;
			buildActionMask = 2147483647;
			files = (
				E227E7702193C44A00989DF8 /* MyInsight_BlogTests.m in Sources */,
			);
			runOnlyForDeploymentPostprocessing = 0;
		};
		E227E7722193C44A00989DF8 /* Sources */ = {
			isa = PBXSourcesBuildPhase;
			buildActionMask = 2147483647;
			files = (
				E227E77B2193C44A00989DF8 /* MyInsight_BlogUITests.m in Sources */,
			);
			runOnlyForDeploymentPostprocessing = 0;
		};
/* End PBXSourcesBuildPhase section */

/* Begin PBXTargetDependency section */
		E227E76D2193C44A00989DF8 /* PBXTargetDependency */ = {
			isa = PBXTargetDependency;
			target = E227E7522193C44900989DF8 /* MyInsight_Blog */;
			targetProxy = E227E76C2193C44A00989DF8 /* PBXContainerItemProxy */;
		};
		E227E7782193C44A00989DF8 /* PBXTargetDependency */ = {
			isa = PBXTargetDependency;
			target = E227E7522193C44900989DF8 /* MyInsight_Blog */;
			targetProxy = E227E7772193C44A00989DF8 /* PBXContainerItemProxy */;
		};
/* End PBXTargetDependency section */

/* Begin PBXVariantGroup section */
		E227E75C2193C44900989DF8 /* Main.storyboard */ = {
			isa = PBXVariantGroup;
			children = (
				E227E75D2193C44900989DF8 /* Base */,
			);
			name = Main.storyboard;
			sourceTree = "<group>";
		};
		E227E7612193C44A00989DF8 /* LaunchScreen.storyboard */ = {
			isa = PBXVariantGroup;
			children = (
				E227E7622193C44A00989DF8 /* Base */,
			);
			name = LaunchScreen.storyboard;
			sourceTree = "<group>";
		};
/* End PBXVariantGroup section */

/* Begin XCBuildConfiguration section */
		E227E77D2193C44B00989DF8 /* Debug */ = {
			isa = XCBuildConfiguration;
			buildSettings = {
				ALWAYS_SEARCH_USER_PATHS = NO;
				CLANG_ANALYZER_NONNULL = YES;
				CLANG_ANALYZER_NUMBER_OBJECT_CONVERSION = YES_AGGRESSIVE;
				CLANG_CXX_LANGUAGE_STANDARD = "gnu++14";
				CLANG_CXX_LIBRARY = "libc++";
				CLANG_ENABLE_MODULES = YES;
				CLANG_ENABLE_OBJC_ARC = YES;
				CLANG_ENABLE_OBJC_WEAK = YES;
				CLANG_WARN_BLOCK_CAPTURE_AUTORELEASING = YES;
				CLANG_WARN_BOOL_CONVERSION = YES;
				CLANG_WARN_COMMA = YES;
				CLANG_WARN_CONSTANT_CONVERSION = YES;
				CLANG_WARN_DEPRECATED_OBJC_IMPLEMENTATIONS = YES;
				CLANG_WARN_DIRECT_OBJC_ISA_USAGE = YES_ERROR;
				CLANG_WARN_DOCUMENTATION_COMMENTS = YES;
				CLANG_WARN_EMPTY_BODY = YES;
				CLANG_WARN_ENUM_CONVERSION = YES;
				CLANG_WARN_INFINITE_RECURSION = YES;
				CLANG_WARN_INT_CONVERSION = YES;
				CLANG_WARN_NON_LITERAL_NULL_CONVERSION = YES;
				CLANG_WARN_OBJC_IMPLICIT_RETAIN_SELF = YES;
				CLANG_WARN_OBJC_LITERAL_CONVERSION = YES;
				CLANG_WARN_OBJC_ROOT_CLASS = YES_ERROR;
				CLANG_WARN_RANGE_LOOP_ANALYSIS = YES;
				CLANG_WARN_STRICT_PROTOTYPES = YES;
				CLANG_WARN_SUSPICIOUS_MOVE = YES;
				CLANG_WARN_UNGUARDED_AVAILABILITY = YES_AGGRESSIVE;
				CLANG_WARN_UNREACHABLE_CODE = YES;
				CLANG_WARN__DUPLICATE_METHOD_MATCH = YES;
				CODE_SIGN_IDENTITY = "iPhone Developer";
				COPY_PHASE_STRIP = NO;
				DEBUG_INFORMATION_FORMAT = dwarf;
				ENABLE_STRICT_OBJC_MSGSEND = YES;
				ENABLE_TESTABILITY = YES;
				GCC_C_LANGUAGE_STANDARD = gnu11;
				GCC_DYNAMIC_NO_PIC = NO;
				GCC_NO_COMMON_BLOCKS = YES;
				GCC_OPTIMIZATION_LEVEL = 0;
				GCC_PREPROCESSOR_DEFINITIONS = (
					"DEBUG=1",
					"$(inherited)",
				);
				GCC_WARN_64_TO_32_BIT_CONVERSION = YES;
				GCC_WARN_ABOUT_RETURN_TYPE = YES_ERROR;
				GCC_WARN_UNDECLARED_SELECTOR = YES;
				GCC_WARN_UNINITIALIZED_AUTOS = YES_AGGRESSIVE;
				GCC_WARN_UNUSED_FUNCTION = YES;
				GCC_WARN_UNUSED_VARIABLE = YES;
				IPHONEOS_DEPLOYMENT_TARGET = 12.1;
				MTL_ENABLE_DEBUG_INFO = INCLUDE_SOURCE;
				MTL_FAST_MATH = YES;
				ONLY_ACTIVE_ARCH = YES;
				SDKROOT = iphoneos;
			};
			name = Debug;
		};
		E227E77E2193C44B00989DF8 /* Release */ = {
			isa = XCBuildConfiguration;
			buildSettings = {
				ALWAYS_SEARCH_USER_PATHS = NO;
				CLANG_ANALYZER_NONNULL = YES;
				CLANG_ANALYZER_NUMBER_OBJECT_CONVERSION = YES_AGGRESSIVE;
				CLANG_CXX_LANGUAGE_STANDARD = "gnu++14";
				CLANG_CXX_LIBRARY = "libc++";
				CLANG_ENABLE_MODULES = YES;
				CLANG_ENABLE_OBJC_ARC = YES;
				CLANG_ENABLE_OBJC_WEAK = YES;
				CLANG_WARN_BLOCK_CAPTURE_AUTORELEASING = YES;
				CLANG_WARN_BOOL_CONVERSION = YES;
				CLANG_WARN_COMMA = YES;
				CLANG_WARN_CONSTANT_CONVERSION = YES;
				CLANG_WARN_DEPRECATED_OBJC_IMPLEMENTATIONS = YES;
				CLANG_WARN_DIRECT_OBJC_ISA_USAGE = YES_ERROR;
				CLANG_WARN_DOCUMENTATION_COMMENTS = YES;
				CLANG_WARN_EMPTY_BODY = YES;
				CLANG_WARN_ENUM_CONVERSION = YES;
				CLANG_WARN_INFINITE_RECURSION = YES;
				CLANG_WARN_INT_CONVERSION = YES;
				CLANG_WARN_NON_LITERAL_NULL_CONVERSION = YES;
				CLANG_WARN_OBJC_IMPLICIT_RETAIN_SELF = YES;
				CLANG_WARN_OBJC_LITERAL_CONVERSION = YES;
				CLANG_WARN_OBJC_ROOT_CLASS = YES_ERROR;
				CLANG_WARN_RANGE_LOOP_ANALYSIS = YES;
				CLANG_WARN_STRICT_PROTOTYPES = YES;
				CLANG_WARN_SUSPICIOUS_MOVE = YES;
				CLANG_WARN_UNGUARDED_AVAILABILITY = YES_AGGRESSIVE;
				CLANG_WARN_UNREACHABLE_CODE = YES;
				CLANG_WARN__DUPLICATE_METHOD_MATCH = YES;
				CODE_SIGN_IDENTITY = "iPhone Developer";
				COPY_PHASE_STRIP = NO;
				DEBUG_INFORMATION_FORMAT = "dwarf-with-dsym";
				ENABLE_NS_ASSERTIONS = NO;
				ENABLE_STRICT_OBJC_MSGSEND = YES;
				GCC_C_LANGUAGE_STANDARD = gnu11;
				GCC_NO_COMMON_BLOCKS = YES;
				GCC_WARN_64_TO_32_BIT_CONVERSION = YES;
				GCC_WARN_ABOUT_RETURN_TYPE = YES_ERROR;
				GCC_WARN_UNDECLARED_SELECTOR = YES;
				GCC_WARN_UNINITIALIZED_AUTOS = YES_AGGRESSIVE;
				GCC_WARN_UNUSED_FUNCTION = YES;
				GCC_WARN_UNUSED_VARIABLE = YES;
				IPHONEOS_DEPLOYMENT_TARGET = 12.1;
				MTL_ENABLE_DEBUG_INFO = NO;
				MTL_FAST_MATH = YES;
				SDKROOT = iphoneos;
				VALIDATE_PRODUCT = YES;
			};
			name = Release;
		};
		E227E7802193C44B00989DF8 /* Debug */ = {
			isa = XCBuildConfiguration;
			baseConfigurationReference = 39EEE5F37C3B45B841AB2C56 /* Pods-MyInsight_Blog.debug.xcconfig */;
			buildSettings = {
				ASSETCATALOG_COMPILER_APPICON_NAME = AppIcon;
				CODE_SIGN_STYLE = Automatic;
				DEVELOPMENT_TEAM = LYW4U2TVKK;
				INFOPLIST_FILE = MyInsight_Blog/Info.plist;
				LD_RUNPATH_SEARCH_PATHS = (
					"$(inherited)",
					"@executable_path/Frameworks",
				);
				PRODUCT_BUNDLE_IDENTIFIER = "com.happylong.MyInsight-Blog";
				PRODUCT_NAME = "$(TARGET_NAME)";
				TARGETED_DEVICE_FAMILY = "1,2";
			};
			name = Debug;
		};
		E227E7812193C44B00989DF8 /* Release */ = {
			isa = XCBuildConfiguration;
			baseConfigurationReference = 0F5505B657720FDABFBBB193 /* Pods-MyInsight_Blog.release.xcconfig */;
			buildSettings = {
				ASSETCATALOG_COMPILER_APPICON_NAME = AppIcon;
				CODE_SIGN_STYLE = Automatic;
				DEVELOPMENT_TEAM = LYW4U2TVKK;
				INFOPLIST_FILE = MyInsight_Blog/Info.plist;
				LD_RUNPATH_SEARCH_PATHS = (
					"$(inherited)",
					"@executable_path/Frameworks",
				);
				PRODUCT_BUNDLE_IDENTIFIER = "com.happylong.MyInsight-Blog";
				PRODUCT_NAME = "$(TARGET_NAME)";
				TARGETED_DEVICE_FAMILY = "1,2";
			};
			name = Release;
		};
		E227E7832193C44B00989DF8 /* Debug */ = {
			isa = XCBuildConfiguration;
			baseConfigurationReference = AAF58D9284E096246C06E8AC /* Pods-MyInsight_BlogTests.debug.xcconfig */;
			buildSettings = {
				BUNDLE_LOADER = "$(TEST_HOST)";
				CODE_SIGN_STYLE = Automatic;
				DEVELOPMENT_TEAM = 7UA78HHHB8;
				INFOPLIST_FILE = MyInsight_BlogTests/Info.plist;
				LD_RUNPATH_SEARCH_PATHS = (
					"$(inherited)",
					"@executable_path/Frameworks",
					"@loader_path/Frameworks",
				);
				PRODUCT_BUNDLE_IDENTIFIER = "com.gemvary.MyInsight-BlogTests";
				PRODUCT_NAME = "$(TARGET_NAME)";
				TARGETED_DEVICE_FAMILY = "1,2";
				TEST_HOST = "$(BUILT_PRODUCTS_DIR)/MyInsight_Blog.app/MyInsight_Blog";
			};
			name = Debug;
		};
		E227E7842193C44B00989DF8 /* Release */ = {
			isa = XCBuildConfiguration;
			baseConfigurationReference = 2C9BC150B8C5AAE134BB1AF6 /* Pods-MyInsight_BlogTests.release.xcconfig */;
			buildSettings = {
				BUNDLE_LOADER = "$(TEST_HOST)";
				CODE_SIGN_STYLE = Automatic;
				DEVELOPMENT_TEAM = 7UA78HHHB8;
				INFOPLIST_FILE = MyInsight_BlogTests/Info.plist;
				LD_RUNPATH_SEARCH_PATHS = (
					"$(inherited)",
					"@executable_path/Frameworks",
					"@loader_path/Frameworks",
				);
				PRODUCT_BUNDLE_IDENTIFIER = "com.gemvary.MyInsight-BlogTests";
				PRODUCT_NAME = "$(TARGET_NAME)";
				TARGETED_DEVICE_FAMILY = "1,2";
				TEST_HOST = "$(BUILT_PRODUCTS_DIR)/MyInsight_Blog.app/MyInsight_Blog";
			};
			name = Release;
		};
		E227E7862193C44B00989DF8 /* Debug */ = {
			isa = XCBuildConfiguration;
			baseConfigurationReference = A55775551D0400D819C96D28 /* Pods-MyInsight_BlogUITests.debug.xcconfig */;
			buildSettings = {
				CODE_SIGN_STYLE = Automatic;
				DEVELOPMENT_TEAM = 7UA78HHHB8;
				INFOPLIST_FILE = MyInsight_BlogUITests/Info.plist;
				LD_RUNPATH_SEARCH_PATHS = (
					"$(inherited)",
					"@executable_path/Frameworks",
					"@loader_path/Frameworks",
				);
				PRODUCT_BUNDLE_IDENTIFIER = "com.gemvary.MyInsight-BlogUITests";
				PRODUCT_NAME = "$(TARGET_NAME)";
				TARGETED_DEVICE_FAMILY = "1,2";
				TEST_TARGET_NAME = MyInsight_Blog;
			};
			name = Debug;
		};
		E227E7872193C44B00989DF8 /* Release */ = {
			isa = XCBuildConfiguration;
			baseConfigurationReference = 2A32375CFC479213D5BD7352 /* Pods-MyInsight_BlogUITests.release.xcconfig */;
			buildSettings = {
				CODE_SIGN_STYLE = Automatic;
				DEVELOPMENT_TEAM = 7UA78HHHB8;
				INFOPLIST_FILE = MyInsight_BlogUITests/Info.plist;
				LD_RUNPATH_SEARCH_PATHS = (
					"$(inherited)",
					"@executable_path/Frameworks",
					"@loader_path/Frameworks",
				);
				PRODUCT_BUNDLE_IDENTIFIER = "com.gemvary.MyInsight-BlogUITests";
				PRODUCT_NAME = "$(TARGET_NAME)";
				TARGETED_DEVICE_FAMILY = "1,2";
				TEST_TARGET_NAME = MyInsight_Blog;
			};
			name = Release;
		};
/* End XCBuildConfiguration section */

/* Begin XCConfigurationList section */
		E227E74E2193C44900989DF8 /* Build configuration list for PBXProject "MyInsight_Blog" */ = {
			isa = XCConfigurationList;
			buildConfigurations = (
				E227E77D2193C44B00989DF8 /* Debug */,
				E227E77E2193C44B00989DF8 /* Release */,
			);
			defaultConfigurationIsVisible = 0;
			defaultConfigurationName = Release;
		};
		E227E77F2193C44B00989DF8 /* Build configuration list for PBXNativeTarget "MyInsight_Blog" */ = {
			isa = XCConfigurationList;
			buildConfigurations = (
				E227E7802193C44B00989DF8 /* Debug */,
				E227E7812193C44B00989DF8 /* Release */,
			);
			defaultConfigurationIsVisible = 0;
			defaultConfigurationName = Release;
		};
		E227E7822193C44B00989DF8 /* Build configuration list for PBXNativeTarget "MyInsight_BlogTests" */ = {
			isa = XCConfigurationList;
			buildConfigurations = (
				E227E7832193C44B00989DF8 /* Debug */,
				E227E7842193C44B00989DF8 /* Release */,
			);
			defaultConfigurationIsVisible = 0;
			defaultConfigurationName = Release;
		};
		E227E7852193C44B00989DF8 /* Build configuration list for PBXNativeTarget "MyInsight_BlogUITests" */ = {
			isa = XCConfigurationList;
			buildConfigurations = (
				E227E7862193C44B00989DF8 /* Debug */,
				E227E7872193C44B00989DF8 /* Release */,
			);
			defaultConfigurationIsVisible = 0;
			defaultConfigurationName = Release;
		};
/* End XCConfigurationList section */
	};
	rootObject = E227E74B2193C44900989DF8 /* Project object */;
}
